
Microsoft Visual Studio Solution File, Format Version 12.00
# Visual Studio Version 16
VisualStudioVersion = 25.0.1706.6
MinimumVisualStudioVersion = 10.0.40219.1
Project("{FAE04EC0-301F-11D3-BF4B-00C04F79EFBC}") = "ExceptionHandling", "ExceptionHandling.csproj", "{67BA9D1D-D00B-4C79-8ECB-B59457E6C047}"
EndProject
Global
	GlobalSection(SolutionConfigurationPlatforms) = preSolution
		Debug|Any CPU = Debug|Any CPU
		Release|Any CPU = Release|Any CPU
	EndGlobalSection
	GlobalSection(ProjectConfigurationPlatforms) = postSolution
		{67BA9D1D-D00B-4C79-8ECB-B59457E6C047}.Debug|Any CPU.ActiveCfg = Debug|Any CPU
		{67BA9D1D-D00B-4C79-8ECB-B59457E6C047}.Debug|Any CPU.Build.0 = Debug|Any CPU
		{67BA9D1D-D00B-4C79-8ECB-B59457E6C047}.Release|Any CPU.ActiveCfg = Release|Any CPU
		{67BA9D1D-D00B-4C79-8ECB-B59457E6C047}.Release|Any CPU.Build.0 = Release|Any CPU
	EndGlobalSection
	GlobalSection(SolutionProperties) = preSolution
		HideSolutionNode = FALSE
	EndGlobalSection
	GlobalSection(ExtensibilityGlobals) = postSolution
		SolutionGuid = {26F75585-F655-4198-98FD-4C8C6F344398}
	EndGlobalSection
EndGlobal
